
Microsoft Visual Studio Solution File, Format Version 12.00
# Visual Studio Version 17
VisualStudioVersion = 17.1.32210.238
MinimumVisualStudioVersion = 10.0.40219.1
Project("{FAE04EC0-301F-11D3-BF4B-00C04F79EFBC}") = "SingletonPattern", "SingletonPattern\SingletonPattern.csproj", "{B84664D4-702E-47F1-9F56-49A587F9AE5A}"
EndProject
Project("{FAE04EC0-301F-11D3-BF4B-00C04F79EFBC}") = "FactoryPattern", "FactoryPattern\FactoryPattern.csproj", "{F853B1DF-9B19-4687-B70E-95B718860F6E}"
EndProject
Project("{FAE04EC0-301F-11D3-BF4B-00C04F79EFBC}") = "BuilderPattern", "BuilderPattern\BuilderPattern.csproj", "{51E2564A-B732-4A69-8DD5-A299AA932591}"
EndProject
Global
	GlobalSection(SolutionConfigurationPlatforms) = preSolution
		Debug|Any CPU = Debug|Any CPU
		Release|Any CPU = Release|Any CPU
	EndGlobalSection
	GlobalSection(ProjectConfigurationPlatforms) = postSolution
		{B84664D4-702E-47F1-9F56-49A587F9AE5A}.Debug|Any CPU.ActiveCfg = Debug|Any CPU
		{B84664D4-702E-47F1-9F56-49A587F9AE5A}.Debug|Any CPU.Build.0 = Debug|Any CPU
		{B84664D4-702E-47F1-9F56-49A587F9AE5A}.Release|Any CPU.ActiveCfg = Release|Any CPU
		{B84664D4-702E-47F1-9F56-49A587F9AE5A}.Release|Any CPU.Build.0 = Release|Any CPU
		{F853B1DF-9B19-4687-B70E-95B718860F6E}.Debug|Any CPU.ActiveCfg = Debug|Any CPU
		{F853B1DF-9B19-4687-B70E-95B718860F6E}.Debug|Any CPU.Build.0 = Debug|Any CPU
		{F853B1DF-9B19-4687-B70E-95B718860F6E}.Release|Any CPU.ActiveCfg = Release|Any CPU
		{F853B1DF-9B19-4687-B70E-95B718860F6E}.Release|Any CPU.Build.0 = Release|Any CPU
		{51E2564A-B732-4A69-8DD5-A299AA932591}.Debug|Any CPU.ActiveCfg = Debug|Any CPU
		{51E2564A-B732-4A69-8DD5-A299AA932591}.Debug|Any CPU.Build.0 = Debug|Any CPU
		{51E2564A-B732-4A69-8DD5-A299AA932591}.Release|Any CPU.ActiveCfg = Release|Any CPU
		{51E2564A-B732-4A69-8DD5-A299AA932591}.Release|Any CPU.Build.0 = Release|Any CPU
	EndGlobalSection
	GlobalSection(SolutionProperties) = preSolution
		HideSolutionNode = FALSE
	EndGlobalSection
	GlobalSection(ExtensibilityGlobals) = postSolution
		SolutionGuid = {50CDBC92-A461-4A6C-83AE-EF3B9B370B57}
	EndGlobalSection
EndGlobal
