
Microsoft Visual Studio Solution File, Format Version 12.00
# Visual Studio Version 17
VisualStudioVersion = 17.1.32210.238
MinimumVisualStudioVersion = 10.0.40219.1
Project("{FAE04EC0-301F-11D3-BF4B-00C04F79EFBC}") = "AdapterPattern", "AdapterPattern\AdapterPattern.csproj", "{8F5590A6-D6BD-42D1-A054-04C40BB80CC1}"
EndProject
Project("{FAE04EC0-301F-11D3-BF4B-00C04F79EFBC}") = "BridgePattern", "BridgePattern\BridgePattern.csproj", "{EE671411-EB7C-4C3E-B448-81F49C3406F6}"
EndProject
Global
	GlobalSection(SolutionConfigurationPlatforms) = preSolution
		Debug|Any CPU = Debug|Any CPU
		Release|Any CPU = Release|Any CPU
	EndGlobalSection
	GlobalSection(ProjectConfigurationPlatforms) = postSolution
		{8F5590A6-D6BD-42D1-A054-04C40BB80CC1}.Debug|Any CPU.ActiveCfg = Debug|Any CPU
		{8F5590A6-D6BD-42D1-A054-04C40BB80CC1}.Debug|Any CPU.Build.0 = Debug|Any CPU
		{8F5590A6-D6BD-42D1-A054-04C40BB80CC1}.Release|Any CPU.ActiveCfg = Release|Any CPU
		{8F5590A6-D6BD-42D1-A054-04C40BB80CC1}.Release|Any CPU.Build.0 = Release|Any CPU
		{EE671411-EB7C-4C3E-B448-81F49C3406F6}.Debug|Any CPU.ActiveCfg = Debug|Any CPU
		{EE671411-EB7C-4C3E-B448-81F49C3406F6}.Debug|Any CPU.Build.0 = Debug|Any CPU
		{EE671411-EB7C-4C3E-B448-81F49C3406F6}.Release|Any CPU.ActiveCfg = Release|Any CPU
		{EE671411-EB7C-4C3E-B448-81F49C3406F6}.Release|Any CPU.Build.0 = Release|Any CPU
	EndGlobalSection
	GlobalSection(SolutionProperties) = preSolution
		HideSolutionNode = FALSE
	EndGlobalSection
	GlobalSection(ExtensibilityGlobals) = postSolution
		SolutionGuid = {200613DB-3288-4CC4-80A7-B8FA71BAE46F}
	EndGlobalSection
EndGlobal
